{
  "object": {
    "pins": [
      {
        "package": "BridgeArchiver",
        "repositoryURL": "https://github.com/Sage-Bionetworks/BridgeArchiver-Swift.git",
        "state": {
          "branch": null,
          "revision": "f1f0c4a9f177b13315bae618db186c12ecbc5bdb",
          "version": "0.3.0"
        }
      },
      {
        "package": "CMSSupport",
        "repositoryURL": "https://github.com/Sage-Bionetworks/CMSSupport.git",
        "state": {
          "branch": null,
          "revision": "7390eb96b9edf53c3127d2aa2641a9475b36136e",
          "version": "1.2.0"
        }
      },
      {
        "package": "JsonModel",
        "repositoryURL": "https://github.com/Sage-Bionetworks/JsonModel-Swift.git",
        "state": {
          "branch": null,
          "revision": "531fbb91179d9272d4fbb389a5c6516ead9d8fd7",
          "version": "1.2.2"
        }
      },
      {
        "package": "MobilePassiveData",
        "repositoryURL": "https://github.com/Sage-Bionetworks/MobilePassiveData-SDK.git",
        "state": {
          "branch": null,
          "revision": "57ba7124b3e27db895410f237b1ced4d51e71a10",
          "version": "1.1.1"
        }
      },
      {
        "package": "SageResearch",
        "repositoryURL": "https://github.com/Sage-Bionetworks/SageResearch.git",
        "state": {
          "branch": null,
          "revision": "877baa4d304bb8400bfc60fb05068ef830d266aa",
          "version": "4.1.5"
        }
      },
      {
        "package": "SharedMobileUI",
        "repositoryURL": "https://github.com/Sage-Bionetworks/SharedMobileUI-AppleOS.git",
        "state": {
          "branch": null,
          "revision": "dfa283558081d746ad1a0c97d5c17f70cbfd0675",
          "version": "0.9.0"
        }
      },
      {
        "package": "ZIPFoundation",
        "repositoryURL": "https://github.com/weichsel/ZIPFoundation.git",
        "state": {
          "branch": null,
          "revision": "cf10bbff6ac3b873e97b36b9784c79866a051a8e",
          "version": "0.9.12"
        }
      }
    ]
  },
  "version": 1
}
