{
  "object": {
    "pins": [
      {
        "package": "AssessmentModel",
        "repositoryURL": "https://github.com/BridgeDigitalHealth/AssessmentModelKMM.git",
        "state": {
          "branch": null,
          "revision": "c69c70ccec06a41936a748057933922e94521d26",
          "version": "1.0.3"
        }
      },
      {
        "package": "BridgeArchiver",
        "repositoryURL": "https://github.com/BridgeDigitalHealth/BridgeArchiver-Swift.git",
        "state": {
          "branch": null,
          "revision": "9fce5d2c7e1134c9c486b3eedfb2ba4dc337263a",
          "version": "0.3.2"
        }
      },
      {
        "package": "CMSSupport",
        "repositoryURL": "https://github.com/Sage-Bionetworks/CMSSupport.git",
        "state": {
          "branch": null,
          "revision": "99ef4bcead679b83ee6b5414fd79992478f6c311",
          "version": "1.2.3"
        }
      },
      {
        "package": "JsonModel",
        "repositoryURL": "https://github.com/BridgeDigitalHealth/JsonModel-Swift.git",
        "state": {
          "branch": null,
          "revision": "5d9acc0f5c1779cca3a31ca1913d684406e74f1f",
          "version": "2.3.1"
        }
      },
      {
        "package": "MobilePassiveData",
        "repositoryURL": "https://github.com/BridgeDigitalHealth/MobilePassiveData-SDK.git",
        "state": {
          "branch": null,
          "revision": "74a1f99da8f8c017d0a5adbb3584be81bb1cd9a8",
          "version": "1.6.2"
        }
      },
      {
        "package": "ZIPFoundation",
        "repositoryURL": "https://github.com/weichsel/ZIPFoundation.git",
        "state": {
          "branch": null,
          "revision": "43ec568034b3731101dbf7670765d671c30f54f3",
          "version": "0.9.16"
        }
      }
    ]
  },
  "version": 1
}
