// !$*UTF8*$!
{
	archiveVersion = 1;
	classes = {
	};
	objectVersion = 52;
	objects = {

/* Begin PBXBuildFile section */
		7555FF7F242A565900829871 /* AppDelegate.swift in Sources */ = {isa = PBXBuildFile; fileRef = 7555FF7E242A565900829871 /* AppDelegate.swift */; };
		7555FF81242A565900829871 /* SceneDelegate.swift in Sources */ = {isa = PBXBuildFile; fileRef = 7555FF80242A565900829871 /* SceneDelegate.swift */; };
		7555FF83242A565900829871 /* ContentView.swift in Sources */ = {isa = PBXBuildFile; fileRef = 7555FF82242A565900829871 /* ContentView.swift */; };
		7555FF85242A565B00829871 /* Assets.xcassets in Resources */ = {isa = PBXBuildFile; fileRef = 7555FF84242A565B00829871 /* Assets.xcassets */; };
		7555FF88242A565B00829871 /* Preview Assets.xcassets in Resources */ = {isa = PBXBuildFile; fileRef = 7555FF87242A565B00829871 /* Preview Assets.xcassets */; };
		7555FF8B242A565B00829871 /* LaunchScreen.storyboard in Resources */ = {isa = PBXBuildFile; fileRef = 7555FF89242A565B00829871 /* LaunchScreen.storyboard */; };
		FF0B930126CC3DAE0041A486 /* PreviewStudyInfoView.swift in Sources */ = {isa = PBXBuildFile; fileRef = FF0B930026CC3DAE0041A486 /* PreviewStudyInfoView.swift */; };
		FF41658F26CAEA0300606A6B /* PreviewTodayView.swift in Sources */ = {isa = PBXBuildFile; fileRef = FF41658E26CAEA0300606A6B /* PreviewTodayView.swift */; };
		FF4E0E1C26AB7BE100BA652C /* BridgeClient in Frameworks */ = {isa = PBXBuildFile; productRef = FF4E0E1B26AB7BE100BA652C /* BridgeClient */; };
		FF7ED30226A89739001F9E8B /* ExternalIdLoginView.swift in Sources */ = {isa = PBXBuildFile; fileRef = FF7ED30126A89738001F9E8B /* ExternalIdLoginView.swift */; };
		FF8C11EE26CB364B00A9AE72 /* PreviewEndOfStudyView.swift in Sources */ = {isa = PBXBuildFile; fileRef = FF8C11ED26CB364B00A9AE72 /* PreviewEndOfStudyView.swift */; };
		FF8C11F026CB3BC300A9AE72 /* PreviewPrivacyNoticeView.swift in Sources */ = {isa = PBXBuildFile; fileRef = FF8C11EF26CB3BC300A9AE72 /* PreviewPrivacyNoticeView.swift */; };
		FFD3C85028AC5D9800406719 /* ContentView.swift in Sources */ = {isa = PBXBuildFile; fileRef = FFD3C84F28AC5D9800406719 /* ContentView.swift */; };
		FFD3C85228AC5D9A00406719 /* Assets.xcassets in Resources */ = {isa = PBXBuildFile; fileRef = FFD3C85128AC5D9A00406719 /* Assets.xcassets */; };
		FFD3C85528AC5D9A00406719 /* Preview Assets.xcassets in Resources */ = {isa = PBXBuildFile; fileRef = FFD3C85428AC5D9A00406719 /* Preview Assets.xcassets */; };
		FFD3C85E28AC5DC900406719 /* LoginView.swift in Sources */ = {isa = PBXBuildFile; fileRef = FFD3C85A28AC5DC900406719 /* LoginView.swift */; };
		FFD3C85F28AC5DC900406719 /* LaunchView.swift in Sources */ = {isa = PBXBuildFile; fileRef = FFD3C85B28AC5DC900406719 /* LaunchView.swift */; };
		FFD3C86028AC5DC900406719 /* MainView.swift in Sources */ = {isa = PBXBuildFile; fileRef = FFD3C85C28AC5DC900406719 /* MainView.swift */; };
		FFD3C86128AC5DC900406719 /* OnboardingView.swift in Sources */ = {isa = PBXBuildFile; fileRef = FFD3C85D28AC5DC900406719 /* OnboardingView.swift */; };
		FFD3C86328AC5DD300406719 /* AssessmentTestAppApp.swift in Sources */ = {isa = PBXBuildFile; fileRef = FFD3C86228AC5DD300406719 /* AssessmentTestAppApp.swift */; };
		FFD3C86528AC5E1500406719 /* BridgeClient in Frameworks */ = {isa = PBXBuildFile; productRef = FFD3C86428AC5E1500406719 /* BridgeClient */; };
		FFD3C86728AC5E1500406719 /* AssessmentTestApp_Private in Frameworks */ = {isa = PBXBuildFile; productRef = FFD3C86628AC5E1500406719 /* AssessmentTestApp_Private */; };
		FFD3C86A28AD8B3F00406719 /* Shared.swift in Sources */ = {isa = PBXBuildFile; fileRef = FFD3C86928AD8B3F00406719 /* Shared.swift */; };
		FFD3C87328AD8E9000406719 /* KeyboardViewController.swift in Sources */ = {isa = PBXBuildFile; fileRef = FFD3C87228AD8E9000406719 /* KeyboardViewController.swift */; };
		FFD3C87728AD8E9000406719 /* TestKeyboard.appex in Embed App Extensions */ = {isa = PBXBuildFile; fileRef = FFD3C87028AD8E9000406719 /* TestKeyboard.appex */; settings = {ATTRIBUTES = (RemoveHeadersOnCopy, ); }; };
		FFD3C87E28AD8EDA00406719 /* BridgeClientAppExtension in Frameworks */ = {isa = PBXBuildFile; productRef = FFD3C87D28AD8EDA00406719 /* BridgeClientAppExtension */; };
		FFD3C88028AD8EDA00406719 /* AssessmentTestApp_Private in Frameworks */ = {isa = PBXBuildFile; productRef = FFD3C87F28AD8EDA00406719 /* AssessmentTestApp_Private */; };
		FFD3C88128AD8EEB00406719 /* Shared.swift in Sources */ = {isa = PBXBuildFile; fileRef = FFD3C86928AD8B3F00406719 /* Shared.swift */; };
		FFE2DF6926CACD3C00DD1E7B /* PreviewCustomTabView.swift in Sources */ = {isa = PBXBuildFile; fileRef = FFE2DF6826CACD3C00DD1E7B /* PreviewCustomTabView.swift */; };
		FFE3F34426CC860A009614D5 /* PreviewCustomScrollView.swift in Sources */ = {isa = PBXBuildFile; fileRef = FFE3F34326CC860A009614D5 /* PreviewCustomScrollView.swift */; };
		FFFE875F26CAF9B000274002 /* PreviewHistoryView.swift in Sources */ = {isa = PBXBuildFile; fileRef = FFFE875E26CAF9B000274002 /* PreviewHistoryView.swift */; };
/* End PBXBuildFile section */

/* Begin PBXContainerItemProxy section */
		FFD3C87528AD8E9000406719 /* PBXContainerItemProxy */ = {
			isa = PBXContainerItemProxy;
			containerPortal = 7555FF73242A565900829871 /* Project object */;
			proxyType = 1;
			remoteGlobalIDString = FFD3C86F28AD8E9000406719;
			remoteInfo = TestKeyboard;
		};
/* End PBXContainerItemProxy section */

/* Begin PBXCopyFilesBuildPhase section */
		FFD3C87B28AD8E9000406719 /* Embed App Extensions */ = {
			isa = PBXCopyFilesBuildPhase;
			buildActionMask = 2147483647;
			dstPath = "";
			dstSubfolderSpec = 13;
			files = (
				FFD3C87728AD8E9000406719 /* TestKeyboard.appex in Embed App Extensions */,
			);
			name = "Embed App Extensions";
			runOnlyForDeploymentPostprocessing = 0;
		};
/* End PBXCopyFilesBuildPhase section */

/* Begin PBXFileReference section */
		7555FF7B242A565900829871 /* iosApp.app */ = {isa = PBXFileReference; explicitFileType = wrapper.application; includeInIndex = 0; path = iosApp.app; sourceTree = BUILT_PRODUCTS_DIR; };
		7555FF7E242A565900829871 /* AppDelegate.swift */ = {isa = PBXFileReference; lastKnownFileType = sourcecode.swift; path = AppDelegate.swift; sourceTree = "<group>"; };
		7555FF80242A565900829871 /* SceneDelegate.swift */ = {isa = PBXFileReference; lastKnownFileType = sourcecode.swift; path = SceneDelegate.swift; sourceTree = "<group>"; };
		7555FF82242A565900829871 /* ContentView.swift */ = {isa = PBXFileReference; lastKnownFileType = sourcecode.swift; path = ContentView.swift; sourceTree = "<group>"; };
		7555FF84242A565B00829871 /* Assets.xcassets */ = {isa = PBXFileReference; lastKnownFileType = folder.assetcatalog; path = Assets.xcassets; sourceTree = "<group>"; };
		7555FF87242A565B00829871 /* Preview Assets.xcassets */ = {isa = PBXFileReference; lastKnownFileType = folder.assetcatalog; path = "Preview Assets.xcassets"; sourceTree = "<group>"; };
		7555FF8A242A565B00829871 /* Base */ = {isa = PBXFileReference; lastKnownFileType = file.storyboard; name = Base; path = Base.lproj/LaunchScreen.storyboard; sourceTree = "<group>"; };
		7555FF8C242A565B00829871 /* Info.plist */ = {isa = PBXFileReference; lastKnownFileType = text.plist.xml; path = Info.plist; sourceTree = "<group>"; };
		FF0B930026CC3DAE0041A486 /* PreviewStudyInfoView.swift */ = {isa = PBXFileReference; lastKnownFileType = sourcecode.swift; path = PreviewStudyInfoView.swift; sourceTree = "<group>"; };
		FF41658E26CAEA0300606A6B /* PreviewTodayView.swift */ = {isa = PBXFileReference; lastKnownFileType = sourcecode.swift; path = PreviewTodayView.swift; sourceTree = "<group>"; };
		FF4E0E1A26AB7B8800BA652C /* BridgeClientKMM */ = {isa = PBXFileReference; lastKnownFileType = folder; name = BridgeClientKMM; path = ..; sourceTree = "<group>"; };
		FF7ED30126A89738001F9E8B /* ExternalIdLoginView.swift */ = {isa = PBXFileReference; fileEncoding = 4; lastKnownFileType = sourcecode.swift; path = ExternalIdLoginView.swift; sourceTree = "<group>"; };
		FF8C11ED26CB364B00A9AE72 /* PreviewEndOfStudyView.swift */ = {isa = PBXFileReference; lastKnownFileType = sourcecode.swift; path = PreviewEndOfStudyView.swift; sourceTree = "<group>"; };
		FF8C11EF26CB3BC300A9AE72 /* PreviewPrivacyNoticeView.swift */ = {isa = PBXFileReference; lastKnownFileType = sourcecode.swift; path = PreviewPrivacyNoticeView.swift; sourceTree = "<group>"; };
		FFD3C84B28AC5D9800406719 /* AssessmentTestApp.app */ = {isa = PBXFileReference; explicitFileType = wrapper.application; includeInIndex = 0; path = AssessmentTestApp.app; sourceTree = BUILT_PRODUCTS_DIR; };
		FFD3C84F28AC5D9800406719 /* ContentView.swift */ = {isa = PBXFileReference; lastKnownFileType = sourcecode.swift; path = ContentView.swift; sourceTree = "<group>"; };
		FFD3C85128AC5D9A00406719 /* Assets.xcassets */ = {isa = PBXFileReference; lastKnownFileType = folder.assetcatalog; path = Assets.xcassets; sourceTree = "<group>"; };
		FFD3C85428AC5D9A00406719 /* Preview Assets.xcassets */ = {isa = PBXFileReference; lastKnownFileType = folder.assetcatalog; path = "Preview Assets.xcassets"; sourceTree = "<group>"; };
		FFD3C85A28AC5DC900406719 /* LoginView.swift */ = {isa = PBXFileReference; fileEncoding = 4; lastKnownFileType = sourcecode.swift; path = LoginView.swift; sourceTree = "<group>"; };
		FFD3C85B28AC5DC900406719 /* LaunchView.swift */ = {isa = PBXFileReference; fileEncoding = 4; lastKnownFileType = sourcecode.swift; path = LaunchView.swift; sourceTree = "<group>"; };
		FFD3C85C28AC5DC900406719 /* MainView.swift */ = {isa = PBXFileReference; fileEncoding = 4; lastKnownFileType = sourcecode.swift; path = MainView.swift; sourceTree = "<group>"; };
		FFD3C85D28AC5DC900406719 /* OnboardingView.swift */ = {isa = PBXFileReference; fileEncoding = 4; lastKnownFileType = sourcecode.swift; path = OnboardingView.swift; sourceTree = "<group>"; };
		FFD3C86228AC5DD300406719 /* AssessmentTestAppApp.swift */ = {isa = PBXFileReference; fileEncoding = 4; lastKnownFileType = sourcecode.swift; path = AssessmentTestAppApp.swift; sourceTree = "<group>"; };
		FFD3C86828AD692300406719 /* AssessmentTestAppDebug.entitlements */ = {isa = PBXFileReference; lastKnownFileType = text.plist.entitlements; path = AssessmentTestAppDebug.entitlements; sourceTree = "<group>"; };
		FFD3C86928AD8B3F00406719 /* Shared.swift */ = {isa = PBXFileReference; lastKnownFileType = sourcecode.swift; path = Shared.swift; sourceTree = "<group>"; };
		FFD3C86B28AD8DBE00406719 /* AssessmentTestAppRelease.entitlements */ = {isa = PBXFileReference; lastKnownFileType = text.plist.entitlements; path = AssessmentTestAppRelease.entitlements; sourceTree = "<group>"; };
		FFD3C87028AD8E9000406719 /* TestKeyboard.appex */ = {isa = PBXFileReference; explicitFileType = "wrapper.app-extension"; includeInIndex = 0; path = TestKeyboard.appex; sourceTree = BUILT_PRODUCTS_DIR; };
		FFD3C87228AD8E9000406719 /* KeyboardViewController.swift */ = {isa = PBXFileReference; lastKnownFileType = sourcecode.swift; path = KeyboardViewController.swift; sourceTree = "<group>"; };
		FFD3C87428AD8E9000406719 /* Info.plist */ = {isa = PBXFileReference; lastKnownFileType = text.plist.xml; path = Info.plist; sourceTree = "<group>"; };
		FFD3C87C28AD8EA100406719 /* TestKeyboard.entitlements */ = {isa = PBXFileReference; lastKnownFileType = text.plist.entitlements; path = TestKeyboard.entitlements; sourceTree = "<group>"; };
		FFE2DF6826CACD3C00DD1E7B /* PreviewCustomTabView.swift */ = {isa = PBXFileReference; lastKnownFileType = sourcecode.swift; path = PreviewCustomTabView.swift; sourceTree = "<group>"; };
		FFE3F34326CC860A009614D5 /* PreviewCustomScrollView.swift */ = {isa = PBXFileReference; lastKnownFileType = sourcecode.swift; path = PreviewCustomScrollView.swift; sourceTree = "<group>"; };
		FFFE875E26CAF9B000274002 /* PreviewHistoryView.swift */ = {isa = PBXFileReference; lastKnownFileType = sourcecode.swift; path = PreviewHistoryView.swift; sourceTree = "<group>"; };
/* End PBXFileReference section */

/* Begin PBXFrameworksBuildPhase section */
		7555FF78242A565900829871 /* Frameworks */ = {
			isa = PBXFrameworksBuildPhase;
			buildActionMask = 2147483647;
			files = (
				FF4E0E1C26AB7BE100BA652C /* BridgeClient in Frameworks */,
			);
			runOnlyForDeploymentPostprocessing = 0;
		};
		FFD3C84828AC5D9800406719 /* Frameworks */ = {
			isa = PBXFrameworksBuildPhase;
			buildActionMask = 2147483647;
			files = (
				FFD3C86728AC5E1500406719 /* AssessmentTestApp_Private in Frameworks */,
				FFD3C86528AC5E1500406719 /* BridgeClient in Frameworks */,
			);
			runOnlyForDeploymentPostprocessing = 0;
		};
		FFD3C86D28AD8E9000406719 /* Frameworks */ = {
			isa = PBXFrameworksBuildPhase;
			buildActionMask = 2147483647;
			files = (
				FFD3C88028AD8EDA00406719 /* AssessmentTestApp_Private in Frameworks */,
				FFD3C87E28AD8EDA00406719 /* BridgeClientAppExtension in Frameworks */,
			);
			runOnlyForDeploymentPostprocessing = 0;
		};
/* End PBXFrameworksBuildPhase section */

/* Begin PBXGroup section */
		7555FF72242A565900829871 = {
			isa = PBXGroup;
			children = (
				FF4E0E1A26AB7B8800BA652C /* BridgeClientKMM */,
				7555FF7D242A565900829871 /* iosApp */,
				FFD3C84C28AC5D9800406719 /* AssessmentTestApp */,
				FFD3C87128AD8E9000406719 /* TestKeyboard */,
				7555FF7C242A565900829871 /* Products */,
				7555FFB0242A642200829871 /* Frameworks */,
			);
			sourceTree = "<group>";
		};
		7555FF7C242A565900829871 /* Products */ = {
			isa = PBXGroup;
			children = (
				7555FF7B242A565900829871 /* iosApp.app */,
				FFD3C84B28AC5D9800406719 /* AssessmentTestApp.app */,
				FFD3C87028AD8E9000406719 /* TestKeyboard.appex */,
			);
			name = Products;
			sourceTree = "<group>";
		};
		7555FF7D242A565900829871 /* iosApp */ = {
			isa = PBXGroup;
			children = (
				7555FF7E242A565900829871 /* AppDelegate.swift */,
				FF7ED30126A89738001F9E8B /* ExternalIdLoginView.swift */,
				7555FF80242A565900829871 /* SceneDelegate.swift */,
				7555FF82242A565900829871 /* ContentView.swift */,
				7555FF84242A565B00829871 /* Assets.xcassets */,
				7555FF89242A565B00829871 /* LaunchScreen.storyboard */,
				7555FF8C242A565B00829871 /* Info.plist */,
				7555FF86242A565B00829871 /* Preview Content */,
			);
			path = iosApp;
			sourceTree = "<group>";
		};
		7555FF86242A565B00829871 /* Preview Content */ = {
			isa = PBXGroup;
			children = (
				7555FF87242A565B00829871 /* Preview Assets.xcassets */,
				FFE2DF6826CACD3C00DD1E7B /* PreviewCustomTabView.swift */,
				FF41658E26CAEA0300606A6B /* PreviewTodayView.swift */,
				FFFE875E26CAF9B000274002 /* PreviewHistoryView.swift */,
				FF8C11ED26CB364B00A9AE72 /* PreviewEndOfStudyView.swift */,
				FF8C11EF26CB3BC300A9AE72 /* PreviewPrivacyNoticeView.swift */,
				FF0B930026CC3DAE0041A486 /* PreviewStudyInfoView.swift */,
				FFE3F34326CC860A009614D5 /* PreviewCustomScrollView.swift */,
			);
			path = "Preview Content";
			sourceTree = "<group>";
		};
		7555FFB0242A642200829871 /* Frameworks */ = {
			isa = PBXGroup;
			children = (
			);
			name = Frameworks;
			sourceTree = "<group>";
		};
		FFD3C84C28AC5D9800406719 /* AssessmentTestApp */ = {
			isa = PBXGroup;
			children = (
				FFD3C86828AD692300406719 /* AssessmentTestAppDebug.entitlements */,
				FFD3C86B28AD8DBE00406719 /* AssessmentTestAppRelease.entitlements */,
				FFD3C86928AD8B3F00406719 /* Shared.swift */,
				FFD3C85928AC5DC900406719 /* Views */,
				FFD3C86228AC5DD300406719 /* AssessmentTestAppApp.swift */,
				FFD3C84F28AC5D9800406719 /* ContentView.swift */,
				FFD3C85128AC5D9A00406719 /* Assets.xcassets */,
				FFD3C85328AC5D9A00406719 /* Preview Content */,
			);
			path = AssessmentTestApp;
			sourceTree = "<group>";
		};
		FFD3C85328AC5D9A00406719 /* Preview Content */ = {
			isa = PBXGroup;
			children = (
				FFD3C85428AC5D9A00406719 /* Preview Assets.xcassets */,
			);
			path = "Preview Content";
			sourceTree = "<group>";
		};
		FFD3C85928AC5DC900406719 /* Views */ = {
			isa = PBXGroup;
			children = (
				FFD3C85A28AC5DC900406719 /* LoginView.swift */,
				FFD3C85B28AC5DC900406719 /* LaunchView.swift */,
				FFD3C85C28AC5DC900406719 /* MainView.swift */,
				FFD3C85D28AC5DC900406719 /* OnboardingView.swift */,
			);
			path = Views;
			sourceTree = "<group>";
		};
		FFD3C87128AD8E9000406719 /* TestKeyboard */ = {
			isa = PBXGroup;
			children = (
				FFD3C87C28AD8EA100406719 /* TestKeyboard.entitlements */,
				FFD3C87228AD8E9000406719 /* KeyboardViewController.swift */,
				FFD3C87428AD8E9000406719 /* Info.plist */,
			);
			path = TestKeyboard;
			sourceTree = "<group>";
		};
/* End PBXGroup section */

/* Begin PBXNativeTarget section */
		7555FF7A242A565900829871 /* iosApp */ = {
			isa = PBXNativeTarget;
			buildConfigurationList = 7555FFA5242A565B00829871 /* Build configuration list for PBXNativeTarget "iosApp" */;
			buildPhases = (
				7555FF77242A565900829871 /* Sources */,
				7555FF78242A565900829871 /* Frameworks */,
				7555FF79242A565900829871 /* Resources */,
			);
			buildRules = (
			);
			dependencies = (
			);
			name = iosApp;
			packageProductDependencies = (
				FF4E0E1B26AB7BE100BA652C /* BridgeClient */,
			);
			productName = iosApp;
			productReference = 7555FF7B242A565900829871 /* iosApp.app */;
			productType = "com.apple.product-type.application";
		};
		FFD3C84A28AC5D9800406719 /* AssessmentTestApp */ = {
			isa = PBXNativeTarget;
			buildConfigurationList = FFD3C85628AC5D9A00406719 /* Build configuration list for PBXNativeTarget "AssessmentTestApp" */;
			buildPhases = (
				FFD3C84728AC5D9800406719 /* Sources */,
				FFD3C84828AC5D9800406719 /* Frameworks */,
				FFD3C84928AC5D9800406719 /* Resources */,
				FFD3C87B28AD8E9000406719 /* Embed App Extensions */,
			);
			buildRules = (
			);
			dependencies = (
				FFD3C87628AD8E9000406719 /* PBXTargetDependency */,
			);
			name = AssessmentTestApp;
			packageProductDependencies = (
				FFD3C86428AC5E1500406719 /* BridgeClient */,
				FFD3C86628AC5E1500406719 /* AssessmentTestApp_Private */,
			);
			productName = AssessmentTestApp;
			productReference = FFD3C84B28AC5D9800406719 /* AssessmentTestApp.app */;
			productType = "com.apple.product-type.application";
		};
		FFD3C86F28AD8E9000406719 /* TestKeyboard */ = {
			isa = PBXNativeTarget;
			buildConfigurationList = FFD3C87828AD8E9000406719 /* Build configuration list for PBXNativeTarget "TestKeyboard" */;
			buildPhases = (
				FFD3C86C28AD8E9000406719 /* Sources */,
				FFD3C86D28AD8E9000406719 /* Frameworks */,
				FFD3C86E28AD8E9000406719 /* Resources */,
			);
			buildRules = (
			);
			dependencies = (
			);
			name = TestKeyboard;
			packageProductDependencies = (
				FFD3C87D28AD8EDA00406719 /* BridgeClientAppExtension */,
				FFD3C87F28AD8EDA00406719 /* AssessmentTestApp_Private */,
			);
			productName = TestKeyboard;
			productReference = FFD3C87028AD8E9000406719 /* TestKeyboard.appex */;
			productType = "com.apple.product-type.app-extension";
		};
/* End PBXNativeTarget section */

/* Begin PBXProject section */
		7555FF73242A565900829871 /* Project object */ = {
			isa = PBXProject;
			attributes = {
				LastSwiftUpdateCheck = 1340;
				LastUpgradeCheck = 1240;
				ORGANIZATIONNAME = orgName;
				TargetAttributes = {
					7555FF7A242A565900829871 = {
						CreatedOnToolsVersion = 11.3.1;
					};
					FFD3C84A28AC5D9800406719 = {
						CreatedOnToolsVersion = 13.4.1;
					};
					FFD3C86F28AD8E9000406719 = {
						CreatedOnToolsVersion = 13.4.1;
					};
				};
			};
			buildConfigurationList = 7555FF76242A565900829871 /* Build configuration list for PBXProject "iosApp" */;
			compatibilityVersion = "Xcode 9.3";
			developmentRegion = en;
			hasScannedForEncodings = 0;
			knownRegions = (
				en,
				Base,
			);
			mainGroup = 7555FF72242A565900829871;
			packageReferences = (
				FFD3C84628AC5D8000406719 /* XCRemoteSwiftPackageReference "iOSPrivateProjectInfo" */,
			);
			productRefGroup = 7555FF7C242A565900829871 /* Products */;
			projectDirPath = "";
			projectRoot = "";
			targets = (
				7555FF7A242A565900829871 /* iosApp */,
				FFD3C84A28AC5D9800406719 /* AssessmentTestApp */,
				FFD3C86F28AD8E9000406719 /* TestKeyboard */,
			);
		};
/* End PBXProject section */

/* Begin PBXResourcesBuildPhase section */
		7555FF79242A565900829871 /* Resources */ = {
			isa = PBXResourcesBuildPhase;
			buildActionMask = 2147483647;
			files = (
				7555FF8B242A565B00829871 /* LaunchScreen.storyboard in Resources */,
				7555FF88242A565B00829871 /* Preview Assets.xcassets in Resources */,
				7555FF85242A565B00829871 /* Assets.xcassets in Resources */,
			);
			runOnlyForDeploymentPostprocessing = 0;
		};
		FFD3C84928AC5D9800406719 /* Resources */ = {
			isa = PBXResourcesBuildPhase;
			buildActionMask = 2147483647;
			files = (
				FFD3C85528AC5D9A00406719 /* Preview Assets.xcassets in Resources */,
				FFD3C85228AC5D9A00406719 /* Assets.xcassets in Resources */,
			);
			runOnlyForDeploymentPostprocessing = 0;
		};
		FFD3C86E28AD8E9000406719 /* Resources */ = {
			isa = PBXResourcesBuildPhase;
			buildActionMask = 2147483647;
			files = (
			);
			runOnlyForDeploymentPostprocessing = 0;
		};
/* End PBXResourcesBuildPhase section */

/* Begin PBXSourcesBuildPhase section */
		7555FF77242A565900829871 /* Sources */ = {
			isa = PBXSourcesBuildPhase;
			buildActionMask = 2147483647;
			files = (
				FF8C11F026CB3BC300A9AE72 /* PreviewPrivacyNoticeView.swift in Sources */,
				FF0B930126CC3DAE0041A486 /* PreviewStudyInfoView.swift in Sources */,
				FF8C11EE26CB364B00A9AE72 /* PreviewEndOfStudyView.swift in Sources */,
				7555FF7F242A565900829871 /* AppDelegate.swift in Sources */,
				7555FF81242A565900829871 /* SceneDelegate.swift in Sources */,
				FF7ED30226A89739001F9E8B /* ExternalIdLoginView.swift in Sources */,
				FFE3F34426CC860A009614D5 /* PreviewCustomScrollView.swift in Sources */,
				7555FF83242A565900829871 /* ContentView.swift in Sources */,
				FFFE875F26CAF9B000274002 /* PreviewHistoryView.swift in Sources */,
				FFE2DF6926CACD3C00DD1E7B /* PreviewCustomTabView.swift in Sources */,
				FF41658F26CAEA0300606A6B /* PreviewTodayView.swift in Sources */,
			);
			runOnlyForDeploymentPostprocessing = 0;
		};
		FFD3C84728AC5D9800406719 /* Sources */ = {
			isa = PBXSourcesBuildPhase;
			buildActionMask = 2147483647;
			files = (
				FFD3C86A28AD8B3F00406719 /* Shared.swift in Sources */,
				FFD3C85E28AC5DC900406719 /* LoginView.swift in Sources */,
				FFD3C85F28AC5DC900406719 /* LaunchView.swift in Sources */,
				FFD3C85028AC5D9800406719 /* ContentView.swift in Sources */,
				FFD3C86128AC5DC900406719 /* OnboardingView.swift in Sources */,
				FFD3C86328AC5DD300406719 /* AssessmentTestAppApp.swift in Sources */,
				FFD3C86028AC5DC900406719 /* MainView.swift in Sources */,
			);
			runOnlyForDeploymentPostprocessing = 0;
		};
		FFD3C86C28AD8E9000406719 /* Sources */ = {
			isa = PBXSourcesBuildPhase;
			buildActionMask = 2147483647;
			files = (
				FFD3C88128AD8EEB00406719 /* Shared.swift in Sources */,
				FFD3C87328AD8E9000406719 /* KeyboardViewController.swift in Sources */,
			);
			runOnlyForDeploymentPostprocessing = 0;
		};
/* End PBXSourcesBuildPhase section */

/* Begin PBXTargetDependency section */
		FFD3C87628AD8E9000406719 /* PBXTargetDependency */ = {
			isa = PBXTargetDependency;
			target = FFD3C86F28AD8E9000406719 /* TestKeyboard */;
			targetProxy = FFD3C87528AD8E9000406719 /* PBXContainerItemProxy */;
		};
/* End PBXTargetDependency section */

/* Begin PBXVariantGroup section */
		7555FF89242A565B00829871 /* LaunchScreen.storyboard */ = {
			isa = PBXVariantGroup;
			children = (
				7555FF8A242A565B00829871 /* Base */,
			);
			name = LaunchScreen.storyboard;
			sourceTree = "<group>";
		};
/* End PBXVariantGroup section */

/* Begin XCBuildConfiguration section */
		7555FFA3242A565B00829871 /* Debug */ = {
			isa = XCBuildConfiguration;
			buildSettings = {
				ALWAYS_SEARCH_USER_PATHS = NO;
				CLANG_ANALYZER_NONNULL = YES;
				CLANG_ANALYZER_NUMBER_OBJECT_CONVERSION = YES_AGGRESSIVE;
				CLANG_CXX_LANGUAGE_STANDARD = "gnu++14";
				CLANG_CXX_LIBRARY = "libc++";
				CLANG_ENABLE_MODULES = YES;
				CLANG_ENABLE_OBJC_ARC = YES;
				CLANG_ENABLE_OBJC_WEAK = YES;
				CLANG_WARN_BLOCK_CAPTURE_AUTORELEASING = YES;
				CLANG_WARN_BOOL_CONVERSION = YES;
				CLANG_WARN_COMMA = YES;
				CLANG_WARN_CONSTANT_CONVERSION = YES;
				CLANG_WARN_DEPRECATED_OBJC_IMPLEMENTATIONS = YES;
				CLANG_WARN_DIRECT_OBJC_ISA_USAGE = YES_ERROR;
				CLANG_WARN_DOCUMENTATION_COMMENTS = YES;
				CLANG_WARN_EMPTY_BODY = YES;
				CLANG_WARN_ENUM_CONVERSION = YES;
				CLANG_WARN_INFINITE_RECURSION = YES;
				CLANG_WARN_INT_CONVERSION = YES;
				CLANG_WARN_NON_LITERAL_NULL_CONVERSION = YES;
				CLANG_WARN_OBJC_IMPLICIT_RETAIN_SELF = YES;
				CLANG_WARN_OBJC_LITERAL_CONVERSION = YES;
				CLANG_WARN_OBJC_ROOT_CLASS = YES_ERROR;
				CLANG_WARN_QUOTED_INCLUDE_IN_FRAMEWORK_HEADER = YES;
				CLANG_WARN_RANGE_LOOP_ANALYSIS = YES;
				CLANG_WARN_STRICT_PROTOTYPES = YES;
				CLANG_WARN_SUSPICIOUS_MOVE = YES;
				CLANG_WARN_UNGUARDED_AVAILABILITY = YES_AGGRESSIVE;
				CLANG_WARN_UNREACHABLE_CODE = YES;
				CLANG_WARN__DUPLICATE_METHOD_MATCH = YES;
				COPY_PHASE_STRIP = NO;
				DEBUG_INFORMATION_FORMAT = "dwarf-with-dsym";
				ENABLE_STRICT_OBJC_MSGSEND = YES;
				ENABLE_TESTABILITY = YES;
				GCC_C_LANGUAGE_STANDARD = gnu11;
				GCC_DYNAMIC_NO_PIC = NO;
				GCC_NO_COMMON_BLOCKS = YES;
				GCC_OPTIMIZATION_LEVEL = 0;
				GCC_PREPROCESSOR_DEFINITIONS = (
					"DEBUG=1",
					"$(inherited)",
				);
				GCC_WARN_64_TO_32_BIT_CONVERSION = YES;
				GCC_WARN_ABOUT_RETURN_TYPE = YES_ERROR;
				GCC_WARN_UNDECLARED_SELECTOR = YES;
				GCC_WARN_UNINITIALIZED_AUTOS = YES_AGGRESSIVE;
				GCC_WARN_UNUSED_FUNCTION = YES;
				GCC_WARN_UNUSED_VARIABLE = YES;
				IPHONEOS_DEPLOYMENT_TARGET = 14.1;
				MTL_ENABLE_DEBUG_INFO = INCLUDE_SOURCE;
				MTL_FAST_MATH = YES;
				ONLY_ACTIVE_ARCH = YES;
				SDKROOT = iphoneos;
				SWIFT_ACTIVE_COMPILATION_CONDITIONS = DEBUG;
				SWIFT_OPTIMIZATION_LEVEL = "-Onone";
			};
			name = Debug;
		};
		7555FFA4242A565B00829871 /* Release */ = {
			isa = XCBuildConfiguration;
			buildSettings = {
				ALWAYS_SEARCH_USER_PATHS = NO;
				CLANG_ANALYZER_NONNULL = YES;
				CLANG_ANALYZER_NUMBER_OBJECT_CONVERSION = YES_AGGRESSIVE;
				CLANG_CXX_LANGUAGE_STANDARD = "gnu++14";
				CLANG_CXX_LIBRARY = "libc++";
				CLANG_ENABLE_MODULES = YES;
				CLANG_ENABLE_OBJC_ARC = YES;
				CLANG_ENABLE_OBJC_WEAK = YES;
				CLANG_WARN_BLOCK_CAPTURE_AUTORELEASING = YES;
				CLANG_WARN_BOOL_CONVERSION = YES;
				CLANG_WARN_COMMA = YES;
				CLANG_WARN_CONSTANT_CONVERSION = YES;
				CLANG_WARN_DEPRECATED_OBJC_IMPLEMENTATIONS = YES;
				CLANG_WARN_DIRECT_OBJC_ISA_USAGE = YES_ERROR;
				CLANG_WARN_DOCUMENTATION_COMMENTS = YES;
				CLANG_WARN_EMPTY_BODY = YES;
				CLANG_WARN_ENUM_CONVERSION = YES;
				CLANG_WARN_INFINITE_RECURSION = YES;
				CLANG_WARN_INT_CONVERSION = YES;
				CLANG_WARN_NON_LITERAL_NULL_CONVERSION = YES;
				CLANG_WARN_OBJC_IMPLICIT_RETAIN_SELF = YES;
				CLANG_WARN_OBJC_LITERAL_CONVERSION = YES;
				CLANG_WARN_OBJC_ROOT_CLASS = YES_ERROR;
				CLANG_WARN_QUOTED_INCLUDE_IN_FRAMEWORK_HEADER = YES;
				CLANG_WARN_RANGE_LOOP_ANALYSIS = YES;
				CLANG_WARN_STRICT_PROTOTYPES = YES;
				CLANG_WARN_SUSPICIOUS_MOVE = YES;
				CLANG_WARN_UNGUARDED_AVAILABILITY = YES_AGGRESSIVE;
				CLANG_WARN_UNREACHABLE_CODE = YES;
				CLANG_WARN__DUPLICATE_METHOD_MATCH = YES;
				COPY_PHASE_STRIP = NO;
				DEBUG_INFORMATION_FORMAT = "dwarf-with-dsym";
				ENABLE_NS_ASSERTIONS = NO;
				ENABLE_STRICT_OBJC_MSGSEND = YES;
				GCC_C_LANGUAGE_STANDARD = gnu11;
				GCC_NO_COMMON_BLOCKS = YES;
				GCC_WARN_64_TO_32_BIT_CONVERSION = YES;
				GCC_WARN_ABOUT_RETURN_TYPE = YES_ERROR;
				GCC_WARN_UNDECLARED_SELECTOR = YES;
				GCC_WARN_UNINITIALIZED_AUTOS = YES_AGGRESSIVE;
				GCC_WARN_UNUSED_FUNCTION = YES;
				GCC_WARN_UNUSED_VARIABLE = YES;
				IPHONEOS_DEPLOYMENT_TARGET = 14.1;
				MTL_ENABLE_DEBUG_INFO = NO;
				MTL_FAST_MATH = YES;
				SDKROOT = iphoneos;
				SWIFT_COMPILATION_MODE = wholemodule;
				SWIFT_OPTIMIZATION_LEVEL = "-O";
				VALIDATE_PRODUCT = YES;
			};
			name = Release;
		};
		7555FFA6242A565B00829871 /* Debug */ = {
			isa = XCBuildConfiguration;
			buildSettings = {
				ASSETCATALOG_COMPILER_APPICON_NAME = AppIcon;
				CODE_SIGN_STYLE = Automatic;
				DEVELOPMENT_ASSET_PATHS = "\"iosApp/Preview Content\"";
				ENABLE_PREVIEWS = YES;
				FRAMEWORK_SEARCH_PATHS = "$(SRCROOT)/../bridge-client/build/xcode-frameworks";
				INFOPLIST_FILE = iosApp/Info.plist;
				LD_RUNPATH_SEARCH_PATHS = (
					"$(inherited)",
					"@executable_path/Frameworks",
				);
				PRODUCT_BUNDLE_IDENTIFIER = orgIdentifier.iosApp;
				PRODUCT_NAME = "$(TARGET_NAME)";
				SWIFT_VERSION = 5.0;
				TARGETED_DEVICE_FAMILY = "1,2";
			};
			name = Debug;
		};
		7555FFA7242A565B00829871 /* Release */ = {
			isa = XCBuildConfiguration;
			buildSettings = {
				ASSETCATALOG_COMPILER_APPICON_NAME = AppIcon;
				CODE_SIGN_STYLE = Automatic;
				DEVELOPMENT_ASSET_PATHS = "\"iosApp/Preview Content\"";
				ENABLE_PREVIEWS = YES;
				FRAMEWORK_SEARCH_PATHS = "$(SRCROOT)/../bridge-client/build/xcode-frameworks";
				INFOPLIST_FILE = iosApp/Info.plist;
				LD_RUNPATH_SEARCH_PATHS = (
					"$(inherited)",
					"@executable_path/Frameworks",
				);
				PRODUCT_BUNDLE_IDENTIFIER = orgIdentifier.iosApp;
				PRODUCT_NAME = "$(TARGET_NAME)";
				SWIFT_VERSION = 5.0;
				TARGETED_DEVICE_FAMILY = "1,2";
			};
			name = Release;
		};
		FFD3C85728AC5D9A00406719 /* Debug */ = {
			isa = XCBuildConfiguration;
			buildSettings = {
				ALWAYS_EMBED_SWIFT_STANDARD_LIBRARIES = YES;
				ASSETCATALOG_COMPILER_APPICON_NAME = AppIcon;
				ASSETCATALOG_COMPILER_GLOBAL_ACCENT_COLOR_NAME = AccentColor;
				CLANG_CXX_LANGUAGE_STANDARD = "gnu++17";
				CODE_SIGN_ENTITLEMENTS = AssessmentTestApp/AssessmentTestAppDebug.entitlements;
				CODE_SIGN_STYLE = Automatic;
				CURRENT_PROJECT_VERSION = 1;
				DEBUG_INFORMATION_FORMAT = dwarf;
				DEVELOPMENT_ASSET_PATHS = "\"AssessmentTestApp/Preview Content\"";
				DEVELOPMENT_TEAM = KA9Z8R6M6K;
				ENABLE_PREVIEWS = YES;
				GENERATE_INFOPLIST_FILE = YES;
				INFOPLIST_KEY_UIApplicationSceneManifest_Generation = YES;
				INFOPLIST_KEY_UIApplicationSupportsIndirectInputEvents = YES;
				INFOPLIST_KEY_UILaunchScreen_Generation = YES;
				INFOPLIST_KEY_UISupportedInterfaceOrientations_iPad = "UIInterfaceOrientationPortrait UIInterfaceOrientationPortraitUpsideDown UIInterfaceOrientationLandscapeLeft UIInterfaceOrientationLandscapeRight";
				INFOPLIST_KEY_UISupportedInterfaceOrientations_iPhone = "UIInterfaceOrientationPortrait UIInterfaceOrientationLandscapeLeft UIInterfaceOrientationLandscapeRight";
				IPHONEOS_DEPLOYMENT_TARGET = 14.7;
				LD_RUNPATH_SEARCH_PATHS = (
					"$(inherited)",
					"@executable_path/Frameworks",
				);
				MARKETING_VERSION = 1.0;
				PRODUCT_BUNDLE_IDENTIFIER = org.sagebase.AssessmentTestApp;
				PRODUCT_NAME = "$(TARGET_NAME)";
				SWIFT_EMIT_LOC_STRINGS = YES;
				SWIFT_VERSION = 5.0;
				TARGETED_DEVICE_FAMILY = "1,2";
			};
			name = Debug;
		};
		FFD3C85828AC5D9A00406719 /* Release */ = {
			isa = XCBuildConfiguration;
			buildSettings = {
				ALWAYS_EMBED_SWIFT_STANDARD_LIBRARIES = YES;
				ASSETCATALOG_COMPILER_APPICON_NAME = AppIcon;
				ASSETCATALOG_COMPILER_GLOBAL_ACCENT_COLOR_NAME = AccentColor;
				CLANG_CXX_LANGUAGE_STANDARD = "gnu++17";
				CODE_SIGN_ENTITLEMENTS = AssessmentTestApp/AssessmentTestAppRelease.entitlements;
				CODE_SIGN_STYLE = Automatic;
				CURRENT_PROJECT_VERSION = 1;
				DEVELOPMENT_ASSET_PATHS = "\"AssessmentTestApp/Preview Content\"";
				DEVELOPMENT_TEAM = KA9Z8R6M6K;
				ENABLE_PREVIEWS = YES;
				GENERATE_INFOPLIST_FILE = YES;
				INFOPLIST_KEY_UIApplicationSceneManifest_Generation = YES;
				INFOPLIST_KEY_UIApplicationSupportsIndirectInputEvents = YES;
				INFOPLIST_KEY_UILaunchScreen_Generation = YES;
				INFOPLIST_KEY_UISupportedInterfaceOrientations_iPad = "UIInterfaceOrientationPortrait UIInterfaceOrientationPortraitUpsideDown UIInterfaceOrientationLandscapeLeft UIInterfaceOrientationLandscapeRight";
				INFOPLIST_KEY_UISupportedInterfaceOrientations_iPhone = "UIInterfaceOrientationPortrait UIInterfaceOrientationLandscapeLeft UIInterfaceOrientationLandscapeRight";
				IPHONEOS_DEPLOYMENT_TARGET = 14.7;
				LD_RUNPATH_SEARCH_PATHS = (
					"$(inherited)",
					"@executable_path/Frameworks",
				);
				MARKETING_VERSION = 1.0;
				PRODUCT_BUNDLE_IDENTIFIER = org.sagebase.AssessmentTestApp;
				PRODUCT_NAME = "$(TARGET_NAME)";
				SWIFT_EMIT_LOC_STRINGS = YES;
				SWIFT_VERSION = 5.0;
				TARGETED_DEVICE_FAMILY = "1,2";
			};
			name = Release;
		};
		FFD3C87928AD8E9000406719 /* Debug */ = {
			isa = XCBuildConfiguration;
			buildSettings = {
				CLANG_CXX_LANGUAGE_STANDARD = "gnu++17";
				CODE_SIGN_ENTITLEMENTS = TestKeyboard/TestKeyboard.entitlements;
				CODE_SIGN_STYLE = Automatic;
				CURRENT_PROJECT_VERSION = 1;
				DEBUG_INFORMATION_FORMAT = dwarf;
				DEVELOPMENT_TEAM = KA9Z8R6M6K;
				GENERATE_INFOPLIST_FILE = YES;
				INFOPLIST_FILE = TestKeyboard/Info.plist;
				INFOPLIST_KEY_CFBundleDisplayName = TestKeyboard;
				INFOPLIST_KEY_NSHumanReadableCopyright = "Copyright © 2022 orgName. All rights reserved.";
				IPHONEOS_DEPLOYMENT_TARGET = 15.5;
				LD_RUNPATH_SEARCH_PATHS = (
					"$(inherited)",
					"@executable_path/Frameworks",
					"@executable_path/../../Frameworks",
				);
				MARKETING_VERSION = 1.0;
				PRODUCT_BUNDLE_IDENTIFIER = org.sagebase.AssessmentTestApp.TestKeyboard;
				PRODUCT_NAME = "$(TARGET_NAME)";
				SKIP_INSTALL = YES;
				SWIFT_EMIT_LOC_STRINGS = YES;
				SWIFT_VERSION = 5.0;
				TARGETED_DEVICE_FAMILY = "1,2";
			};
			name = Debug;
		};
		FFD3C87A28AD8E9000406719 /* Release */ = {
			isa = XCBuildConfiguration;
			buildSettings = {
				CLANG_CXX_LANGUAGE_STANDARD = "gnu++17";
				CODE_SIGN_ENTITLEMENTS = TestKeyboard/TestKeyboard.entitlements;
				CODE_SIGN_STYLE = Automatic;
				CURRENT_PROJECT_VERSION = 1;
				DEVELOPMENT_TEAM = KA9Z8R6M6K;
				GENERATE_INFOPLIST_FILE = YES;
				INFOPLIST_FILE = TestKeyboard/Info.plist;
				INFOPLIST_KEY_CFBundleDisplayName = TestKeyboard;
				INFOPLIST_KEY_NSHumanReadableCopyright = "Copyright © 2022 orgName. All rights reserved.";
				IPHONEOS_DEPLOYMENT_TARGET = 15.5;
				LD_RUNPATH_SEARCH_PATHS = (
					"$(inherited)",
					"@executable_path/Frameworks",
					"@executable_path/../../Frameworks",
				);
				MARKETING_VERSION = 1.0;
				PRODUCT_BUNDLE_IDENTIFIER = org.sagebase.AssessmentTestApp.TestKeyboard;
				PRODUCT_NAME = "$(TARGET_NAME)";
				SKIP_INSTALL = YES;
				SWIFT_EMIT_LOC_STRINGS = YES;
				SWIFT_VERSION = 5.0;
				TARGETED_DEVICE_FAMILY = "1,2";
			};
			name = Release;
		};
/* End XCBuildConfiguration section */

/* Begin XCConfigurationList section */
		7555FF76242A565900829871 /* Build configuration list for PBXProject "iosApp" */ = {
			isa = XCConfigurationList;
			buildConfigurations = (
				7555FFA3242A565B00829871 /* Debug */,
				7555FFA4242A565B00829871 /* Release */,
			);
			defaultConfigurationIsVisible = 0;
			defaultConfigurationName = Release;
		};
		7555FFA5242A565B00829871 /* Build configuration list for PBXNativeTarget "iosApp" */ = {
			isa = XCConfigurationList;
			buildConfigurations = (
				7555FFA6242A565B00829871 /* Debug */,
				7555FFA7242A565B00829871 /* Release */,
			);
			defaultConfigurationIsVisible = 0;
			defaultConfigurationName = Release;
		};
		FFD3C85628AC5D9A00406719 /* Build configuration list for PBXNativeTarget "AssessmentTestApp" */ = {
			isa = XCConfigurationList;
			buildConfigurations = (
				FFD3C85728AC5D9A00406719 /* Debug */,
				FFD3C85828AC5D9A00406719 /* Release */,
			);
			defaultConfigurationIsVisible = 0;
			defaultConfigurationName = Release;
		};
		FFD3C87828AD8E9000406719 /* Build configuration list for PBXNativeTarget "TestKeyboard" */ = {
			isa = XCConfigurationList;
			buildConfigurations = (
				FFD3C87928AD8E9000406719 /* Debug */,
				FFD3C87A28AD8E9000406719 /* Release */,
			);
			defaultConfigurationIsVisible = 0;
			defaultConfigurationName = Release;
		};
/* End XCConfigurationList section */

/* Begin XCRemoteSwiftPackageReference section */
		FFD3C84628AC5D8000406719 /* XCRemoteSwiftPackageReference "iOSPrivateProjectInfo" */ = {
			isa = XCRemoteSwiftPackageReference;
			repositoryURL = "https://github.com/Sage-Bionetworks/iOSPrivateProjectInfo.git";
			requirement = {
				kind = revision;
				revision = d39a617b446d05690f4e8c76ee7a263fa79cc305;
			};
		};
/* End XCRemoteSwiftPackageReference section */

/* Begin XCSwiftPackageProductDependency section */
		FF4E0E1B26AB7BE100BA652C /* BridgeClient */ = {
			isa = XCSwiftPackageProductDependency;
			productName = BridgeClient;
		};
		FFD3C86428AC5E1500406719 /* BridgeClient */ = {
			isa = XCSwiftPackageProductDependency;
			productName = BridgeClient;
		};
		FFD3C86628AC5E1500406719 /* AssessmentTestApp_Private */ = {
			isa = XCSwiftPackageProductDependency;
			package = FFD3C84628AC5D8000406719 /* XCRemoteSwiftPackageReference "iOSPrivateProjectInfo" */;
			productName = AssessmentTestApp_Private;
		};
		FFD3C87D28AD8EDA00406719 /* BridgeClientAppExtension */ = {
			isa = XCSwiftPackageProductDependency;
			productName = BridgeClientAppExtension;
		};
		FFD3C87F28AD8EDA00406719 /* AssessmentTestApp_Private */ = {
			isa = XCSwiftPackageProductDependency;
			package = FFD3C84628AC5D8000406719 /* XCRemoteSwiftPackageReference "iOSPrivateProjectInfo" */;
			productName = AssessmentTestApp_Private;
		};
/* End XCSwiftPackageProductDependency section */
	};
	rootObject = 7555FF73242A565900829871 /* Project object */;
}
